<?xml version="1.0" encoding="utf-8"?>
<Project ToolsVersion="4.0" xmlns="http://schemas.microsoft.com/developer/msbuild/2003">
  <ItemGroup>
    <Filter Include="Brink">
      <UniqueIdentifier>{DBA1E90C-47B6-11BE-1038-B51D7C0B0EEF}</UniqueIdentifier>
    </Filter>
    <Filter Include="Brink\Events">
      <UniqueIdentifier>{5F49719B-4BAC-0040-F431-39F6E073CCC2}</UniqueIdentifier>
    </Filter>
  </ItemGroup>
  <ItemGroup>
    <ClInclude Include="src\Brink.h" />
    <ClInclude Include="src\Brink\Application.h">
      <Filter>Brink</Filter>
    </ClInclude>
    <ClInclude Include="src\Brink\Core.h">
      <Filter>Brink</Filter>
    </ClInclude>
    <ClInclude Include="src\Brink\EntryPoint.h">
      <Filter>Brink</Filter>
    </ClInclude>
    <ClInclude Include="src\Brink\Events\ApplicationEvent.h">
      <Filter>Brink\Events</Filter>
    </ClInclude>
    <ClInclude Include="src\Brink\Events\Event.h">
      <Filter>Brink\Events</Filter>
    </ClInclude>
    <ClInclude Include="src\Brink\Events\KeyEvent.h">
      <Filter>Brink\Events</Filter>
    </ClInclude>
    <ClInclude Include="src\Brink\Events\MouseEvent.h">
      <Filter>Brink\Events</Filter>
    </ClInclude>
    <ClInclude Include="src\Brink\Log.h">
      <Filter>Brink</Filter>
    </ClInclude>
    <ClInclude Include="src\bkpch.h" />
  </ItemGroup>
  <ItemGroup>
    <ClCompile Include="src\Brink\Application.cpp">
      <Filter>Brink</Filter>
    </ClCompile>
    <ClCompile Include="src\Brink\Log.cpp">
      <Filter>Brink</Filter>
    </ClCompile>
    <ClCompile Include="src\bkpch.cpp" />
  </ItemGroup>
</Project>