<?xml version="1.0" encoding="utf-8"?>
<Project ToolsVersion="4.0" xmlns="http://schemas.microsoft.com/developer/msbuild/2003">
  <ItemGroup>
    <Filter Include="Brink">
      <UniqueIdentifier>{DBA1E90C-47B6-11BE-1038-B51D7C0B0EEF}</UniqueIdentifier>
    </Filter>
    <Filter Include="Brink\Events">
      <UniqueIdentifier>{5F49719B-4BAC-0040-F431-39F6E073CCC2}</UniqueIdentifier>
    </Filter>
    <Filter Include="Brink\ImGui">
      <UniqueIdentifier>{45CFF804-B184-71FA-3A79-6BD1A62D68FE}</UniqueIdentifier>
    </Filter>
    <Filter Include="Platform">
      <UniqueIdentifier>{2AC788B4-1694-E3BF-3FAD-D1672BD9184E}</UniqueIdentifier>
    </Filter>
    <Filter Include="Platform\OpenGL">
      <UniqueIdentifier>{1E7D2C1D-8A08-9AE1-9319-1DD6FF23F6E1}</UniqueIdentifier>
    </Filter>
    <Filter Include="Platform\Windows">
      <UniqueIdentifier>{64FBD71A-50F4-F66C-7926-DCF1657ED678}</UniqueIdentifier>
    </Filter>
  </ItemGroup>
  <ItemGroup>
    <ClInclude Include="src\Brink.h" />
    <ClInclude Include="src\Brink\Application.h">
      <Filter>Brink</Filter>
    </ClInclude>
    <ClInclude Include="src\Brink\Core.h">
      <Filter>Brink</Filter>
    </ClInclude>
    <ClInclude Include="src\Brink\EntryPoint.h">
      <Filter>Brink</Filter>
    </ClInclude>
    <ClInclude Include="src\Brink\Events\ApplicationEvent.h">
      <Filter>Brink\Events</Filter>
    </ClInclude>
    <ClInclude Include="src\Brink\Events\Event.h">
      <Filter>Brink\Events</Filter>
    </ClInclude>
    <ClInclude Include="src\Brink\Events\KeyEvent.h">
      <Filter>Brink\Events</Filter>
    </ClInclude>
    <ClInclude Include="src\Brink\Events\MouseEvent.h">
      <Filter>Brink\Events</Filter>
    </ClInclude>
    <ClInclude Include="src\Brink\ImGui\ImGuiLayer.h">
      <Filter>Brink\ImGui</Filter>
    </ClInclude>
    <ClInclude Include="src\Brink\Input.h">
      <Filter>Brink</Filter>
    </ClInclude>
    <ClInclude Include="src\Brink\Layer.h">
      <Filter>Brink</Filter>
    </ClInclude>
    <ClInclude Include="src\Brink\LayerStack.h">
      <Filter>Brink</Filter>
    </ClInclude>
    <ClInclude Include="src\Brink\Log.h">
      <Filter>Brink</Filter>
    </ClInclude>
    <ClInclude Include="src\Brink\Window.h">
      <Filter>Brink</Filter>
    </ClInclude>
    <ClInclude Include="src\Platform\OpenGL\ImGuiOpenGLRenderer.h">
      <Filter>Platform\OpenGL</Filter>
    </ClInclude>
    <ClInclude Include="src\Platform\Windows\WindowsInput.h">
      <Filter>Platform\Windows</Filter>
    </ClInclude>
    <ClInclude Include="src\Platform\Windows\WindowsWindow.h">
      <Filter>Platform\Windows</Filter>
    </ClInclude>
    <ClInclude Include="src\bkpch.h" />
  </ItemGroup>
  <ItemGroup>
    <ClCompile Include="src\Brink\Application.cpp">
      <Filter>Brink</Filter>
    </ClCompile>
    <ClCompile Include="src\Brink\ImGui\ImGuiLayer.cpp">
      <Filter>Brink\ImGui</Filter>
    </ClCompile>
    <ClCompile Include="src\Brink\Layer.cpp">
      <Filter>Brink</Filter>
    </ClCompile>
    <ClCompile Include="src\Brink\LayerStack.cpp">
      <Filter>Brink</Filter>
    </ClCompile>
    <ClCompile Include="src\Brink\Log.cpp">
      <Filter>Brink</Filter>
    </ClCompile>
    <ClCompile Include="src\Platform\OpenGL\ImGuiOpenGlRenderer.cpp">
      <Filter>Platform\OpenGL</Filter>
    </ClCompile>
    <ClCompile Include="src\Platform\Windows\WindowsInput.cpp">
      <Filter>Platform\Windows</Filter>
    </ClCompile>
    <ClCompile Include="src\Platform\Windows\WindowsWindow.cpp">
      <Filter>Platform\Windows</Filter>
    </ClCompile>
    <ClCompile Include="src\bkpch.cpp" />
  </ItemGroup>
</Project>